lockfileVersion: 5.4

specifiers:
  esno: ^0.16.3
  promises-aplus-tests: ^2.1.2
  typescript: ^4.9.5

devDependencies:
  esno: 0.16.3
  promises-aplus-tests: 2.1.2
  typescript: 4.9.5

packages:

  /@esbuild-kit/cjs-loader/2.4.2:
    resolution: {integrity: sha512-BDXFbYOJzT/NBEtp71cvsrGPwGAMGRB/349rwKuoxNSiKjPraNNnlK6MIIabViCjqZugu6j+xeMDlEkWdHHJSg==}
    dependencies:
      '@esbuild-kit/core-utils': 3.1.0
      get-tsconfig: 4.4.0
    dev: true

  /@esbuild-kit/core-utils/3.1.0:
    resolution: {integrity: sha512-Uuk8RpCg/7fdHSceR1M6XbSZFSuMrxcePFuGgyvsBn+u339dk5OeL4jv2EojwTN2st/unJGsVm4qHWjWNmJ/tw==}
    dependencies:
      esbuild: 0.17.8
      source-map-support: 0.5.21
    dev: true

  /@esbuild-kit/esm-loader/2.5.5:
    resolution: {integrity: sha512-Qwfvj/qoPbClxCRNuac1Du01r9gvNOT+pMYtJDapfB1eoGN1YlJ1BixLyL9WVENRx5RXgNLdfYdx/CuswlGhMw==}
    dependencies:
      '@esbuild-kit/core-utils': 3.1.0
      get-tsconfig: 4.4.0
    dev: true

  /@esbuild/android-arm/0.17.8:
    resolution: {integrity: sha512-0/rb91GYKhrtbeglJXOhAv9RuYimgI8h623TplY2X+vA4EXnk3Zj1fXZreJ0J3OJJu1bwmb0W7g+2cT/d8/l/w==}
    engines: {node: '>=12'}
    cpu: [arm]
    os: [android]
    requiresBuild: true
    dev: true
    optional: true

  /@esbuild/android-arm64/0.17.8:
    resolution: {integrity: sha512-oa/N5j6v1svZQs7EIRPqR8f+Bf8g6HBDjD/xHC02radE/NjKHK7oQmtmLxPs1iVwYyvE+Kolo6lbpfEQ9xnhxQ==}
    engines: {node: '>=12'}
    cpu: [arm64]
    os: [android]
    requiresBuild: true
    dev: true
    optional: true

  /@esbuild/android-x64/0.17.8:
    resolution: {integrity: sha512-bTliMLqD7pTOoPg4zZkXqCDuzIUguEWLpeqkNfC41ODBHwoUgZ2w5JBeYimv4oP6TDVocoYmEhZrCLQTrH89bg==}
    engines: {node: '>=12'}
    cpu: [x64]
    os: [android]
    requiresBuild: true
    dev: true
    optional: true

  /@esbuild/darwin-arm64/0.17.8:
    resolution: {integrity: sha512-ghAbV3ia2zybEefXRRm7+lx8J/rnupZT0gp9CaGy/3iolEXkJ6LYRq4IpQVI9zR97ID80KJVoUlo3LSeA/sMAg==}
    engines: {node: '>=12'}
    cpu: [arm64]
    os: [darwin]
    requiresBuild: true
    dev: true
    optional: true

  /@esbuild/darwin-x64/0.17.8:
    resolution: {integrity: sha512-n5WOpyvZ9TIdv2V1K3/iIkkJeKmUpKaCTdun9buhGRWfH//osmUjlv4Z5mmWdPWind/VGcVxTHtLfLCOohsOXw==}
    engines: {node: '>=12'}
    cpu: [x64]
    os: [darwin]
    requiresBuild: true
    dev: true
    optional: true

  /@esbuild/freebsd-arm64/0.17.8:
    resolution: {integrity: sha512-a/SATTaOhPIPFWvHZDoZYgxaZRVHn0/LX1fHLGfZ6C13JqFUZ3K6SMD6/HCtwOQ8HnsNaEeokdiDSFLuizqv5A==}
    engines: {node: '>=12'}
    cpu: [arm64]
    os: [freebsd]
    requiresBuild: true
    dev: true
    optional: true

  /@esbuild/freebsd-x64/0.17.8:
    resolution: {integrity: sha512-xpFJb08dfXr5+rZc4E+ooZmayBW6R3q59daCpKZ/cDU96/kvDM+vkYzNeTJCGd8rtO6fHWMq5Rcv/1cY6p6/0Q==}
    engines: {node: '>=12'}
    cpu: [x64]
    os: [freebsd]
    requiresBuild: true
    dev: true
    optional: true

  /@esbuild/linux-arm/0.17.8:
    resolution: {integrity: sha512-6Ij8gfuGszcEwZpi5jQIJCVIACLS8Tz2chnEBfYjlmMzVsfqBP1iGmHQPp7JSnZg5xxK9tjCc+pJ2WtAmPRFVA==}
    engines: {node: '>=12'}
    cpu: [arm]
    os: [linux]
    requiresBuild: true
    dev: true
    optional: true

  /@esbuild/linux-arm64/0.17.8:
    resolution: {integrity: sha512-v3iwDQuDljLTxpsqQDl3fl/yihjPAyOguxuloON9kFHYwopeJEf1BkDXODzYyXEI19gisEsQlG1bM65YqKSIww==}
    engines: {node: '>=12'}
    cpu: [arm64]
    os: [linux]
    requiresBuild: true
    dev: true
    optional: true

  /@esbuild/linux-ia32/0.17.8:
    resolution: {integrity: sha512-8svILYKhE5XetuFk/B6raFYIyIqydQi+GngEXJgdPdI7OMKUbSd7uzR02wSY4kb53xBrClLkhH4Xs8P61Q2BaA==}
    engines: {node: '>=12'}
    cpu: [ia32]
    os: [linux]
    requiresBuild: true
    dev: true
    optional: true

  /@esbuild/linux-loong64/0.17.8:
    resolution: {integrity: sha512-B6FyMeRJeV0NpyEOYlm5qtQfxbdlgmiGdD+QsipzKfFky0K5HW5Td6dyK3L3ypu1eY4kOmo7wW0o94SBqlqBSA==}
    engines: {node: '>=12'}
    cpu: [loong64]
    os: [linux]
    requiresBuild: true
    dev: true
    optional: true

  /@esbuild/linux-mips64el/0.17.8:
    resolution: {integrity: sha512-CCb67RKahNobjm/eeEqeD/oJfJlrWyw29fgiyB6vcgyq97YAf3gCOuP6qMShYSPXgnlZe/i4a8WFHBw6N8bYAA==}
    engines: {node: '>=12'}
    cpu: [mips64el]
    os: [linux]
    requiresBuild: true
    dev: true
    optional: true

  /@esbuild/linux-ppc64/0.17.8:
    resolution: {integrity: sha512-bytLJOi55y55+mGSdgwZ5qBm0K9WOCh0rx+vavVPx+gqLLhxtSFU0XbeYy/dsAAD6xECGEv4IQeFILaSS2auXw==}
    engines: {node: '>=12'}
    cpu: [ppc64]
    os: [linux]
    requiresBuild: true
    dev: true
    optional: true

  /@esbuild/linux-riscv64/0.17.8:
    resolution: {integrity: sha512-2YpRyQJmKVBEHSBLa8kBAtbhucaclb6ex4wchfY0Tj3Kg39kpjeJ9vhRU7x4mUpq8ISLXRXH1L0dBYjAeqzZAw==}
    engines: {node: '>=12'}
    cpu: [riscv64]
    os: [linux]
    requiresBuild: true
    dev: true
    optional: true

  /@esbuild/linux-s390x/0.17.8:
    resolution: {integrity: sha512-QgbNY/V3IFXvNf11SS6exkpVcX0LJcob+0RWCgV9OiDAmVElnxciHIisoSix9uzYzScPmS6dJFbZULdSAEkQVw==}
    engines: {node: '>=12'}
    cpu: [s390x]
    os: [linux]
    requiresBuild: true
    dev: true
    optional: true

  /@esbuild/linux-x64/0.17.8:
    resolution: {integrity: sha512-mM/9S0SbAFDBc4OPoyP6SEOo5324LpUxdpeIUUSrSTOfhHU9hEfqRngmKgqILqwx/0DVJBzeNW7HmLEWp9vcOA==}
    engines: {node: '>=12'}
    cpu: [x64]
    os: [linux]
    requiresBuild: true
    dev: true
    optional: true

  /@esbuild/netbsd-x64/0.17.8:
    resolution: {integrity: sha512-eKUYcWaWTaYr9zbj8GertdVtlt1DTS1gNBWov+iQfWuWyuu59YN6gSEJvFzC5ESJ4kMcKR0uqWThKUn5o8We6Q==}
    engines: {node: '>=12'}
    cpu: [x64]
    os: [netbsd]
    requiresBuild: true
    dev: true
    optional: true

  /@esbuild/openbsd-x64/0.17.8:
    resolution: {integrity: sha512-Vc9J4dXOboDyMXKD0eCeW0SIeEzr8K9oTHJU+Ci1mZc5njPfhKAqkRt3B/fUNU7dP+mRyralPu8QUkiaQn7iIg==}
    engines: {node: '>=12'}
    cpu: [x64]
    os: [openbsd]
    requiresBuild: true
    dev: true
    optional: true

  /@esbuild/sunos-x64/0.17.8:
    resolution: {integrity: sha512-0xvOTNuPXI7ft1LYUgiaXtpCEjp90RuBBYovdd2lqAFxje4sEucurg30M1WIm03+3jxByd3mfo+VUmPtRSVuOw==}
    engines: {node: '>=12'}
    cpu: [x64]
    os: [sunos]
    requiresBuild: true
    dev: true
    optional: true

  /@esbuild/win32-arm64/0.17.8:
    resolution: {integrity: sha512-G0JQwUI5WdEFEnYNKzklxtBheCPkuDdu1YrtRrjuQv30WsYbkkoixKxLLv8qhJmNI+ATEWquZe/N0d0rpr55Mg==}
    engines: {node: '>=12'}
    cpu: [arm64]
    os: [win32]
    requiresBuild: true
    dev: true
    optional: true

  /@esbuild/win32-ia32/0.17.8:
    resolution: {integrity: sha512-Fqy63515xl20OHGFykjJsMnoIWS+38fqfg88ClvPXyDbLtgXal2DTlhb1TfTX34qWi3u4I7Cq563QcHpqgLx8w==}
    engines: {node: '>=12'}
    cpu: [ia32]
    os: [win32]
    requiresBuild: true
    dev: true
    optional: true

  /@esbuild/win32-x64/0.17.8:
    resolution: {integrity: sha512-1iuezdyDNngPnz8rLRDO2C/ZZ/emJLb72OsZeqQ6gL6Avko/XCXZw+NuxBSNhBAP13Hie418V7VMt9et1FMvpg==}
    engines: {node: '>=12'}
    cpu: [x64]
    os: [win32]
    requiresBuild: true
    dev: true
    optional: true

  /available-typed-arrays/1.0.5:
    resolution: {integrity: sha512-DMD0KiN46eipeziST1LPP/STfDU0sufISXmjSgvVsoU2tqxctQeASejWcfNtxYKqETM1UxQ8sp2OrSBWpHY6sw==}
    engines: {node: '>= 0.4'}
    dev: true

  /buffer-from/1.1.2:
    resolution: {integrity: sha512-E+XQCRwSbaaiChtv6k6Dwgc+bx+Bs6vuKJHHl5kox/BaKbhiXzqQOwK4cO22yElGp2OCmjwVhT3HmxgyPGnJfQ==}
    dev: true

  /call-bind/1.0.2:
    resolution: {integrity: sha512-7O+FbCihrB5WGbFYesctwmTKae6rOiIzmz1icreWJ+0aA7LJfuqhEso2T9ncpcFtzMQtzXf2QGGueWJGTYsqrA==}
    dependencies:
      function-bind: 1.1.1
      get-intrinsic: 1.2.0
    dev: true

  /commander/0.6.1:
    resolution: {integrity: sha512-0fLycpl1UMTGX257hRsu/arL/cUbcvQM4zMKwvLvzXtfdezIV4yotPS2dYtknF+NmEfWSoCEF6+hj9XLm/6hEw==}
    engines: {node: '>= 0.4.x'}
    dev: true

  /commander/2.3.0:
    resolution: {integrity: sha512-CD452fnk0jQyk3NfnK+KkR/hUPoHt5pVaKHogtyyv3N0U4QfAal9W0/rXLOg/vVZgQKa7jdtXypKs1YAip11uQ==}
    engines: {node: '>= 0.6.x'}
    dev: true

  /debug/2.2.0_supports-color@1.2.0:
    resolution: {integrity: sha512-X0rGvJcskG1c3TgSCPqHJ0XJgwlcvOC7elJ5Y0hYuKBZoVqWpAMfLOeIh2UI/DCQ5ruodIjvsugZtjUYUw2pUw==}
    peerDependencies:
      supports-color: '*'
    peerDependenciesMeta:
      supports-color:
        optional: true
    dependencies:
      ms: 0.7.1
      supports-color: 1.2.0
    dev: true

  /diff/1.4.0:
    resolution: {integrity: sha512-VzVc42hMZbYU9Sx/ltb7KYuQ6pqAw+cbFWVy4XKdkuEL2CFaRLGEnISPs7YdzaUGpi+CpIqvRmu7hPQ4T7EQ5w==}
    engines: {node: '>=0.3.1'}
    dev: true

  /esbuild/0.17.8:
    resolution: {integrity: sha512-g24ybC3fWhZddZK6R3uD2iF/RIPnRpwJAqLov6ouX3hMbY4+tKolP0VMF3zuIYCaXun+yHwS5IPQ91N2BT191g==}
    engines: {node: '>=12'}
    hasBin: true
    requiresBuild: true
    optionalDependencies:
      '@esbuild/android-arm': 0.17.8
      '@esbuild/android-arm64': 0.17.8
      '@esbuild/android-x64': 0.17.8
      '@esbuild/darwin-arm64': 0.17.8
      '@esbuild/darwin-x64': 0.17.8
      '@esbuild/freebsd-arm64': 0.17.8
      '@esbuild/freebsd-x64': 0.17.8
      '@esbuild/linux-arm': 0.17.8
      '@esbuild/linux-arm64': 0.17.8
      '@esbuild/linux-ia32': 0.17.8
      '@esbuild/linux-loong64': 0.17.8
      '@esbuild/linux-mips64el': 0.17.8
      '@esbuild/linux-ppc64': 0.17.8
      '@esbuild/linux-riscv64': 0.17.8
      '@esbuild/linux-s390x': 0.17.8
      '@esbuild/linux-x64': 0.17.8
      '@esbuild/netbsd-x64': 0.17.8
      '@esbuild/openbsd-x64': 0.17.8
      '@esbuild/sunos-x64': 0.17.8
      '@esbuild/win32-arm64': 0.17.8
      '@esbuild/win32-ia32': 0.17.8
      '@esbuild/win32-x64': 0.17.8
    dev: true

  /escape-string-regexp/1.0.2:
    resolution: {integrity: sha512-cQpUid7bdTUnFin8S7BnNdOk+/eDqQmKgCANSyd/jAhrKEvxUvr9VQ8XZzXiOtest8NLfk3FSBZzwvemZNQ6Vg==}
    engines: {node: '>=0.8.0'}
    dev: true

  /esno/0.16.3:
    resolution: {integrity: sha512-6slSBEV1lMKcX13DBifvnDFpNno5WXhw4j/ff7RI0y51BZiDqEe5dNhhjhIQ3iCOQuzsm2MbVzmwqbN78BBhPg==}
    hasBin: true
    dependencies:
      tsx: 3.12.3
    dev: true

  /for-each/0.3.3:
    resolution: {integrity: sha512-jqYfLp7mo9vIyQf8ykW2v7A+2N4QjeCeI5+Dz9XraiO1ign81wjiH7Fb9vSOWvQfNtmSa4H2RoQTrrXivdUZmw==}
    dependencies:
      is-callable: 1.2.7
    dev: true

  /formatio/1.1.1:
    resolution: {integrity: sha512-cPh7is6k3d8tIUh+pnXXuAbD/uhSXGgqLPw0UrYpv5lfdJ+MMMSjx40JNpqP7Top9Nt25YomWEiRmkHbOvkCaA==}
    deprecated: This package is unmaintained. Use @sinonjs/formatio instead
    dependencies:
      samsam: 1.1.2
    dev: true

  /fsevents/2.3.2:
    resolution: {integrity: sha512-xiqMQR4xAeHTuB9uWm+fFRcIOgKBMiOBP+eXiyT7jsgVCq1bkVygt00oASowB7EdtpOHaaPgKt812P9ab+DDKA==}
    engines: {node: ^8.16.0 || ^10.6.0 || >=11.0.0}
    os: [darwin]
    requiresBuild: true
    dev: true
    optional: true

  /function-bind/1.1.1:
    resolution: {integrity: sha512-yIovAzMX49sF8Yl58fSCWJ5svSLuaibPxXQJFLmBObTuCr0Mf1KiPopGM9NiFjiYBCbfaa2Fh6breQ6ANVTI0A==}
    dev: true

  /get-intrinsic/1.2.0:
    resolution: {integrity: sha512-L049y6nFOuom5wGyRc3/gdTLO94dySVKRACj1RmJZBQXlbTMhtNIgkWkUHq+jYmZvKf14EW1EoJnnjbmoHij0Q==}
    dependencies:
      function-bind: 1.1.1
      has: 1.0.3
      has-symbols: 1.0.3
    dev: true

  /get-tsconfig/4.4.0:
    resolution: {integrity: sha512-0Gdjo/9+FzsYhXCEFueo2aY1z1tpXrxWZzP7k8ul9qt1U5o8rYJwTJYmaeHdrVosYIVYkOy2iwCJ9FdpocJhPQ==}
    dev: true

  /glob/3.2.11:
    resolution: {integrity: sha512-hVb0zwEZwC1FXSKRPFTeOtN7AArJcJlI6ULGLtrstaswKNlrTJqAA+1lYlSUop4vjA423xlBzqfVS3iWGlqJ+g==}
    dependencies:
      inherits: 2.0.4
      minimatch: 0.3.0
    dev: true

  /gopd/1.0.1:
    resolution: {integrity: sha512-d65bNlIadxvpb/A2abVdlqKqV563juRnZ1Wtk6s1sIR8uNsXR70xqIzVqxVf1eTqDunwT2MkczEeaezCKTZhwA==}
    dependencies:
      get-intrinsic: 1.2.0
    dev: true

  /growl/1.9.2:
    resolution: {integrity: sha512-RTBwDHhNuOx4F0hqzItc/siXCasGfC4DeWcBamclWd+6jWtBaeB/SGbMkGf0eiQoW7ib8JpvOgnUsmgMHI3Mfw==}
    dev: true

  /has-symbols/1.0.3:
    resolution: {integrity: sha512-l3LCuF6MgDNwTDKkdYGEihYjt5pRPbEg46rtlmnSPlUbgmB8LOIrKJbYYFBSbnPaJexMKtiPO8hmeRjRz2Td+A==}
    engines: {node: '>= 0.4'}
    dev: true

  /has-tostringtag/1.0.0:
    resolution: {integrity: sha512-kFjcSNhnlGV1kyoGk7OXKSawH5JOb/LzUc5w9B02hOTO0dfFRjbHQKvg1d6cf3HbeUmtU9VbbV3qzZ2Teh97WQ==}
    engines: {node: '>= 0.4'}
    dependencies:
      has-symbols: 1.0.3
    dev: true

  /has/1.0.3:
    resolution: {integrity: sha512-f2dvO0VU6Oej7RkWJGrehjbzMAjFp5/VKPp5tTpWIV4JHHZK1/BxbFRtf/siA2SWTe09caDmVtYYzWEIbBS4zw==}
    engines: {node: '>= 0.4.0'}
    dependencies:
      function-bind: 1.1.1
    dev: true

  /inherits/2.0.4:
    resolution: {integrity: sha512-k/vGaX4/Yla3WzyMCvTQOXYeIHvqOKtnqBduzTHpzpQZzAskKMhZ2K+EnBiSM9zGSoIFeMpXKxa4dYeZIQqewQ==}
    dev: true

  /is-arguments/1.1.1:
    resolution: {integrity: sha512-8Q7EARjzEnKpt/PCD7e1cgUS0a6X8u5tdSiMqXhojOdoV9TsMsiO+9VLC5vAmO8N7/GmXn7yjR8qnA6bVAEzfA==}
    engines: {node: '>= 0.4'}
    dependencies:
      call-bind: 1.0.2
      has-tostringtag: 1.0.0
    dev: true

  /is-callable/1.2.7:
    resolution: {integrity: sha512-1BC0BVFhS/p0qtw6enp8e+8OD0UrK0oFLztSjNzhcKA3WDuJxxAPXzPuPtKkjEY9UUoEWlX/8fgKeu2S8i9JTA==}
    engines: {node: '>= 0.4'}
    dev: true

  /is-generator-function/1.0.10:
    resolution: {integrity: sha512-jsEjy9l3yiXEQ+PsXdmBwEPcOxaXWLspKdplFUVI9vq1iZgIekeC0L167qeu86czQaxed3q/Uzuw0swL0irL8A==}
    engines: {node: '>= 0.4'}
    dependencies:
      has-tostringtag: 1.0.0
    dev: true

  /is-typed-array/1.1.10:
    resolution: {integrity: sha512-PJqgEHiWZvMpaFZ3uTc8kHPM4+4ADTlDniuQL7cU/UDA0Ql7F70yGfHph3cLNe+c9toaigv+DFzTJKhc2CtO6A==}
    engines: {node: '>= 0.4'}
    dependencies:
      available-typed-arrays: 1.0.5
      call-bind: 1.0.2
      for-each: 0.3.3
      gopd: 1.0.1
      has-tostringtag: 1.0.0
    dev: true

  /jade/0.26.3:
    resolution: {integrity: sha512-mkk3vzUHFjzKjpCXeu+IjXeZD+QOTjUUdubgmHtHTDwvAO2ZTkMTTVrapts5CWz3JvJryh/4KWZpjeZrCepZ3A==}
    deprecated: Jade has been renamed to pug, please install the latest version of pug instead of jade
    hasBin: true
    dependencies:
      commander: 0.6.1
      mkdirp: 0.3.0
    dev: true

  /lolex/1.3.2:
    resolution: {integrity: sha512-YYp8cqz7/8eruZ15L1mzcPkvLYxipfdsWIDESvNdNmQP9o7TsDitRhNuV2xb7aFu2ofZngao1jiVrVZ842x4BQ==}
    dev: true

  /lru-cache/2.7.3:
    resolution: {integrity: sha512-WpibWJ60c3AgAz8a2iYErDrcT2C7OmKnsWhIcHOjkUHFjkXncJhtLxNSqUmxRxRunpb5I8Vprd7aNSd2NtksJQ==}
    dev: true

  /minimatch/0.3.0:
    resolution: {integrity: sha512-WFX1jI1AaxNTZVOHLBVazwTWKaQjoykSzCBNXB72vDTCzopQGtyP91tKdFK5cv1+qMwPyiTu1HqUriqplI8pcA==}
    deprecated: Please update to minimatch 3.0.2 or higher to avoid a RegExp DoS issue
    dependencies:
      lru-cache: 2.7.3
      sigmund: 1.0.1
    dev: true

  /minimist/0.0.8:
    resolution: {integrity: sha512-miQKw5Hv4NS1Psg2517mV4e4dYNaO3++hjAvLOAzKqZ61rH8NS1SK+vbfBWZ5PY/Me/bEWhUwqMghEW5Fb9T7Q==}
    dev: true

  /mkdirp/0.3.0:
    resolution: {integrity: sha512-OHsdUcVAQ6pOtg5JYWpCBo9W/GySVuwvP9hueRMW7UqshC0tbfzLv8wjySTPm3tfUZ/21CE9E1pJagOA91Pxew==}
    deprecated: Legacy versions of mkdirp are no longer supported. Please update to mkdirp 1.x. (Note that the API surface has changed to use Promises in 1.x.)
    dev: true

  /mkdirp/0.5.1:
    resolution: {integrity: sha512-SknJC52obPfGQPnjIkXbmA6+5H15E+fR+E4iR2oQ3zzCLbd7/ONua69R/Gw7AgkTLsRG+r5fzksYwWe1AgTyWA==}
    deprecated: Legacy versions of mkdirp are no longer supported. Please update to mkdirp 1.x. (Note that the API surface has changed to use Promises in 1.x.)
    hasBin: true
    dependencies:
      minimist: 0.0.8
    dev: true

  /mocha/2.5.3:
    resolution: {integrity: sha512-jNt2iEk9FPmZLzL+sm4FNyOIDYXf2wUU6L4Cc8OIKK/kzgMHKPi4YhTZqG4bW4kQVdIv6wutDybRhXfdnujA1Q==}
    engines: {node: '>= 0.8.x'}
    hasBin: true
    dependencies:
      commander: 2.3.0
      debug: 2.2.0_supports-color@1.2.0
      diff: 1.4.0
      escape-string-regexp: 1.0.2
      glob: 3.2.11
      growl: 1.9.2
      jade: 0.26.3
      mkdirp: 0.5.1
      supports-color: 1.2.0
      to-iso-string: 0.0.2
    dev: true

  /ms/0.7.1:
    resolution: {integrity: sha512-lRLiIR9fSNpnP6TC4v8+4OU7oStC01esuNowdQ34L+Gk8e5Puoc88IqJ+XAY/B3Mn2ZKis8l8HX90oU8ivzUHg==}
    dev: true

  /promises-aplus-tests/2.1.2:
    resolution: {integrity: sha512-XiDfjQqx+rHLof8CU9xPOMLsjiXXxr3fkjE7WJjUzXttffB8K/nsnNsPTcwS4VvHliSjGVsYVqIjFeTHw53f5w==}
    hasBin: true
    dependencies:
      mocha: 2.5.3
      sinon: 1.17.7
      underscore: 1.8.3
    dev: true

  /samsam/1.1.2:
    resolution: {integrity: sha512-iVL7LibpM3tl4rQPweOXXrmjGegxx27flTOjQEZD3PXe4oZNFzuz6Si4mgleK/JWU/hyCvtV01RUovjvBEpDmw==}
    deprecated: This package has been deprecated in favour of @sinonjs/samsam
    dev: true

  /sigmund/1.0.1:
    resolution: {integrity: sha512-fCvEXfh6NWpm+YSuY2bpXb/VIihqWA6hLsgboC+0nl71Q7N7o2eaCW8mJa/NLvQhs6jpd3VZV4UiUQlV6+lc8g==}
    dev: true

  /sinon/1.17.7:
    resolution: {integrity: sha512-M9rtyQxKfcTTdB64rpPSRaTzOvunb+HHPv/3PxvNPrEDnFSny95Pi6/3VoD471ody0ay0IHyzT3BErfcLXj6NA==}
    engines: {node: '>=0.1.103'}
    dependencies:
      formatio: 1.1.1
      lolex: 1.3.2
      samsam: 1.1.2
      util: 0.12.5
    dev: true

  /source-map-support/0.5.21:
    resolution: {integrity: sha512-uBHU3L3czsIyYXKX88fdrGovxdSCoTGDRZ6SYXtSRxLZUzHg5P/66Ht6uoUlHu9EZod+inXhKo3qQgwXUT/y1w==}
    dependencies:
      buffer-from: 1.1.2
      source-map: 0.6.1
    dev: true

  /source-map/0.6.1:
    resolution: {integrity: sha512-UjgapumWlbMhkBgzT7Ykc5YXUT46F0iKu8SGXq0bcwP5dz/h0Plj6enJqjz1Zbq2l5WaqYnrVbwWOWMyF3F47g==}
    engines: {node: '>=0.10.0'}
    dev: true

  /supports-color/1.2.0:
    resolution: {integrity: sha512-mS5xsnjTh5b7f2DM6bch6lR582UCOTphzINlZnDsfpIRrwI6r58rb6YSSGsdexkm8qw2bBVO2ID2fnJOTuLiPA==}
    engines: {node: '>=0.10.0'}
    hasBin: true
    dev: true

  /to-iso-string/0.0.2:
    resolution: {integrity: sha512-oeHLgfWA7d0CPQa6h0+i5DAJZISz5un0d5SHPkw+Untclcvzv9T+AC3CvGXlZJdOlIbxbTfyyzlqCXc5hjpXYg==}
    deprecated: to-iso-string has been deprecated, use @segment/to-iso-string instead.
    dev: true

  /tsx/3.12.3:
    resolution: {integrity: sha512-Wc5BFH1xccYTXaQob+lEcimkcb/Pq+0en2s+ruiX0VEIC80nV7/0s7XRahx8NnsoCnpCVUPz8wrqVSPi760LkA==}
    hasBin: true
    dependencies:
      '@esbuild-kit/cjs-loader': 2.4.2
      '@esbuild-kit/core-utils': 3.1.0
      '@esbuild-kit/esm-loader': 2.5.5
    optionalDependencies:
      fsevents: 2.3.2
    dev: true

  /typescript/4.9.5:
    resolution: {integrity: sha512-1FXk9E2Hm+QzZQ7z+McJiHL4NW1F2EzMu9Nq9i3zAaGqibafqYwCVU6WyWAuyQRRzOlxou8xZSyXLEN8oKj24g==}
    engines: {node: '>=4.2.0'}
    hasBin: true
    dev: true

  /underscore/1.8.3:
    resolution: {integrity: sha512-5WsVTFcH1ut/kkhAaHf4PVgI8c7++GiVcpCGxPouI6ZVjsqPnSDf8h/8HtVqc0t4fzRXwnMK70EcZeAs3PIddg==}
    dev: true

  /util/0.12.5:
    resolution: {integrity: sha512-kZf/K6hEIrWHI6XqOFUiiMa+79wE/D8Q+NCNAWclkyg3b4d2k7s0QGepNjiABc+aR3N1PAyHL7p6UcLY6LmrnA==}
    dependencies:
      inherits: 2.0.4
      is-arguments: 1.1.1
      is-generator-function: 1.0.10
      is-typed-array: 1.1.10
      which-typed-array: 1.1.9
    dev: true

  /which-typed-array/1.1.9:
    resolution: {integrity: sha512-w9c4xkx6mPidwp7180ckYWfMmvxpjlZuIudNtDf4N/tTAUB8VJbX25qZoAsrtGuYNnGw3pa0AXgbGKRB8/EceA==}
    engines: {node: '>= 0.4'}
    dependencies:
      available-typed-arrays: 1.0.5
      call-bind: 1.0.2
      for-each: 0.3.3
      gopd: 1.0.1
      has-tostringtag: 1.0.0
      is-typed-array: 1.1.10
    dev: true
